{
  "name": "playful-palette",
  "version": "1.0.0",
  "lockfileVersion": 1,
  "requires": true,
  "dependencies": {
    "get-canvas-pixel-color": {
      "version": "1.0.0",
      "resolved": "https://registry.npmjs.org/get-canvas-pixel-color/-/get-canvas-pixel-color-1.0.0.tgz",
      "integrity": "sha1-y3Xbz7ncOmf0tv3KJeSarNb8Qho="
    }
  }
}
